github.com/hoisie/mustache v0.0.0-20160804235033-6375acf62c69 h1:umaj0TCQ9lWUUKy2DxAhEzPbwd0jnxiw1EI2z3FiILM=
github.com/hoisie/mustache v0.0.0-20160804235033-6375acf62c69/go.mod h1:zdLK9ilQRSMjSeLKoZ4BqUfBT7jswTGF8zRlKEsiRXA=
gopkg.in/check.v1 v0.0.0-20161208181325-20d25e280405/go.mod h1:Co6ibVJAznAaIkqp8huTwlJQCZ016jof/cbN4VW5Yz0=
gopkg.in/yaml.v3 v3.0.0 h1:hjy8E9ON/egN1tAYqKb61G10WtihqetD4sz2H+8nIeA=
gopkg.in/yaml.v3 v3.0.0/go.mod h1:K4uyk7z7BCEPqu6E+C64Yfv1cQ7kz7rIZviUmN+EgEM=
